
Microsoft Visual Studio Solution File, Format Version 12.00
# Visual Studio 14
VisualStudioVersion = 14.0.23107.0
MinimumVisualStudioVersion = 10.0.40219.1
Project("{FAE04EC0-301F-11D3-BF4B-00C04F79EFBC}") = "comicvine-api-net", "comicvine-api-net\comicvine-api-net.csproj", "{03B991B6-D2FB-4E2C-BB7C-CD3CFC2B804A}"
EndProject
Project("{FAE04EC0-301F-11D3-BF4B-00C04F79EFBC}") = "comicvine-api-net-tester", "comicvine-api-net-tester\comicvine-api-net-tester.csproj", "{4EAAE5CF-FB8D-4253-B6FB-219093F2E5A2}"
EndProject
Global
	GlobalSection(SolutionConfigurationPlatforms) = preSolution
		Debug|Any CPU = Debug|Any CPU
		Release|Any CPU = Release|Any CPU
	EndGlobalSection
	GlobalSection(ProjectConfigurationPlatforms) = postSolution
		{03B991B6-D2FB-4E2C-BB7C-CD3CFC2B804A}.Debug|Any CPU.ActiveCfg = Debug|Any CPU
		{03B991B6-D2FB-4E2C-BB7C-CD3CFC2B804A}.Debug|Any CPU.Build.0 = Debug|Any CPU
		{03B991B6-D2FB-4E2C-BB7C-CD3CFC2B804A}.Release|Any CPU.ActiveCfg = Release|Any CPU
		{03B991B6-D2FB-4E2C-BB7C-CD3CFC2B804A}.Release|Any CPU.Build.0 = Release|Any CPU
		{4EAAE5CF-FB8D-4253-B6FB-219093F2E5A2}.Debug|Any CPU.ActiveCfg = Debug|Any CPU
		{4EAAE5CF-FB8D-4253-B6FB-219093F2E5A2}.Debug|Any CPU.Build.0 = Debug|Any CPU
		{4EAAE5CF-FB8D-4253-B6FB-219093F2E5A2}.Release|Any CPU.ActiveCfg = Release|Any CPU
		{4EAAE5CF-FB8D-4253-B6FB-219093F2E5A2}.Release|Any CPU.Build.0 = Release|Any CPU
	EndGlobalSection
	GlobalSection(SolutionProperties) = preSolution
		HideSolutionNode = FALSE
	EndGlobalSection
EndGlobal
